
Microsoft Visual Studio Solution File, Format Version 12.00
# Visual Studio 2012
Project("{FAE04EC0-301F-11D3-BF4B-00C04F79EFBC}") = "HelloWebApiDemo", "HelloWebApiDemo\HelloWebApiDemo.csproj", "{E7C68371-09CD-46EA-B70E-33A22954A023}"
EndProject
Project("{FAE04EC0-301F-11D3-BF4B-00C04F79EFBC}") = "HelloWebApiTemplateDemo", "HelloWebApiTemplateDemo\HelloWebApiTemplateDemo.csproj", "{9C67DAB2-F940-475A-8362-CB72F48DCA23}"
EndProject
Project("{FAE04EC0-301F-11D3-BF4B-00C04F79EFBC}") = "TrainingCompany", "TrainingCompany\TrainingCompany.csproj", "{5A1A1AD6-861E-46B4-B22F-F2BA8826BFCC}"
EndProject
Project("{FAE04EC0-301F-11D3-BF4B-00C04F79EFBC}") = "SelfHost1", "SelfHost1\SelfHost1.csproj", "{699349FA-69AA-4282-846B-9AC291ACAB84}"
EndProject
Project("{FAE04EC0-301F-11D3-BF4B-00C04F79EFBC}") = "SelfHost2", "SelfHost2\SelfHost2.csproj", "{312C4EC3-C632-47A9-BFD7-7469130BFB07}"
EndProject
Project("{FAE04EC0-301F-11D3-BF4B-00C04F79EFBC}") = "SelfHosting3", "SelfHosting3\SelfHosting3.csproj", "{C47E7E1E-32AE-4BC9-BB19-FE2FF2CB3759}"
EndProject
Project("{FAE04EC0-301F-11D3-BF4B-00C04F79EFBC}") = "SelfHostingSecurity", "SelfHostingSecurity\SelfHostingSecurity.csproj", "{24B7AEFD-DD08-4CF3-A6DE-2E5F74AED2CA}"
EndProject
Project("{FAE04EC0-301F-11D3-BF4B-00C04F79EFBC}") = "XMethodOverride", "XMethodOverride\XMethodOverride.csproj", "{9ED3734D-9324-4FF0-8B00-443ECD5A05D8}"
EndProject
Project("{FAE04EC0-301F-11D3-BF4B-00C04F79EFBC}") = "JSONPDemo", "JSONPDemo\JSONPDemo.csproj", "{C8596D1C-7C91-4392-BF18-B61C2D633B5E}"
EndProject
Project("{FAE04EC0-301F-11D3-BF4B-00C04F79EFBC}") = "JSONClient", "JSONClient\JSONClient.csproj", "{53665014-008F-471E-9560-990ECC000859}"
EndProject
Global
	GlobalSection(SolutionConfigurationPlatforms) = preSolution
		Debug|Any CPU = Debug|Any CPU
		Release|Any CPU = Release|Any CPU
	EndGlobalSection
	GlobalSection(ProjectConfigurationPlatforms) = postSolution
		{E7C68371-09CD-46EA-B70E-33A22954A023}.Debug|Any CPU.ActiveCfg = Debug|Any CPU
		{E7C68371-09CD-46EA-B70E-33A22954A023}.Debug|Any CPU.Build.0 = Debug|Any CPU
		{E7C68371-09CD-46EA-B70E-33A22954A023}.Release|Any CPU.ActiveCfg = Release|Any CPU
		{E7C68371-09CD-46EA-B70E-33A22954A023}.Release|Any CPU.Build.0 = Release|Any CPU
		{9C67DAB2-F940-475A-8362-CB72F48DCA23}.Debug|Any CPU.ActiveCfg = Debug|Any CPU
		{9C67DAB2-F940-475A-8362-CB72F48DCA23}.Debug|Any CPU.Build.0 = Debug|Any CPU
		{9C67DAB2-F940-475A-8362-CB72F48DCA23}.Release|Any CPU.ActiveCfg = Release|Any CPU
		{9C67DAB2-F940-475A-8362-CB72F48DCA23}.Release|Any CPU.Build.0 = Release|Any CPU
		{5A1A1AD6-861E-46B4-B22F-F2BA8826BFCC}.Debug|Any CPU.ActiveCfg = Debug|Any CPU
		{5A1A1AD6-861E-46B4-B22F-F2BA8826BFCC}.Debug|Any CPU.Build.0 = Debug|Any CPU
		{5A1A1AD6-861E-46B4-B22F-F2BA8826BFCC}.Release|Any CPU.ActiveCfg = Release|Any CPU
		{5A1A1AD6-861E-46B4-B22F-F2BA8826BFCC}.Release|Any CPU.Build.0 = Release|Any CPU
		{699349FA-69AA-4282-846B-9AC291ACAB84}.Debug|Any CPU.ActiveCfg = Debug|Any CPU
		{699349FA-69AA-4282-846B-9AC291ACAB84}.Debug|Any CPU.Build.0 = Debug|Any CPU
		{699349FA-69AA-4282-846B-9AC291ACAB84}.Release|Any CPU.ActiveCfg = Release|Any CPU
		{699349FA-69AA-4282-846B-9AC291ACAB84}.Release|Any CPU.Build.0 = Release|Any CPU
		{312C4EC3-C632-47A9-BFD7-7469130BFB07}.Debug|Any CPU.ActiveCfg = Debug|Any CPU
		{312C4EC3-C632-47A9-BFD7-7469130BFB07}.Debug|Any CPU.Build.0 = Debug|Any CPU
		{312C4EC3-C632-47A9-BFD7-7469130BFB07}.Release|Any CPU.ActiveCfg = Release|Any CPU
		{312C4EC3-C632-47A9-BFD7-7469130BFB07}.Release|Any CPU.Build.0 = Release|Any CPU
		{C47E7E1E-32AE-4BC9-BB19-FE2FF2CB3759}.Debug|Any CPU.ActiveCfg = Debug|Any CPU
		{C47E7E1E-32AE-4BC9-BB19-FE2FF2CB3759}.Debug|Any CPU.Build.0 = Debug|Any CPU
		{C47E7E1E-32AE-4BC9-BB19-FE2FF2CB3759}.Release|Any CPU.ActiveCfg = Release|Any CPU
		{C47E7E1E-32AE-4BC9-BB19-FE2FF2CB3759}.Release|Any CPU.Build.0 = Release|Any CPU
		{24B7AEFD-DD08-4CF3-A6DE-2E5F74AED2CA}.Debug|Any CPU.ActiveCfg = Debug|Any CPU
		{24B7AEFD-DD08-4CF3-A6DE-2E5F74AED2CA}.Debug|Any CPU.Build.0 = Debug|Any CPU
		{24B7AEFD-DD08-4CF3-A6DE-2E5F74AED2CA}.Release|Any CPU.ActiveCfg = Release|Any CPU
		{24B7AEFD-DD08-4CF3-A6DE-2E5F74AED2CA}.Release|Any CPU.Build.0 = Release|Any CPU
		{9ED3734D-9324-4FF0-8B00-443ECD5A05D8}.Debug|Any CPU.ActiveCfg = Debug|Any CPU
		{9ED3734D-9324-4FF0-8B00-443ECD5A05D8}.Debug|Any CPU.Build.0 = Debug|Any CPU
		{9ED3734D-9324-4FF0-8B00-443ECD5A05D8}.Release|Any CPU.ActiveCfg = Release|Any CPU
		{9ED3734D-9324-4FF0-8B00-443ECD5A05D8}.Release|Any CPU.Build.0 = Release|Any CPU
		{C8596D1C-7C91-4392-BF18-B61C2D633B5E}.Debug|Any CPU.ActiveCfg = Debug|Any CPU
		{C8596D1C-7C91-4392-BF18-B61C2D633B5E}.Debug|Any CPU.Build.0 = Debug|Any CPU
		{C8596D1C-7C91-4392-BF18-B61C2D633B5E}.Release|Any CPU.ActiveCfg = Release|Any CPU
		{C8596D1C-7C91-4392-BF18-B61C2D633B5E}.Release|Any CPU.Build.0 = Release|Any CPU
		{53665014-008F-471E-9560-990ECC000859}.Debug|Any CPU.ActiveCfg = Debug|Any CPU
		{53665014-008F-471E-9560-990ECC000859}.Debug|Any CPU.Build.0 = Debug|Any CPU
		{53665014-008F-471E-9560-990ECC000859}.Release|Any CPU.ActiveCfg = Release|Any CPU
		{53665014-008F-471E-9560-990ECC000859}.Release|Any CPU.Build.0 = Release|Any CPU
	EndGlobalSection
	GlobalSection(SolutionProperties) = preSolution
		HideSolutionNode = FALSE
	EndGlobalSection
EndGlobal
